
Microsoft Visual Studio Solution File, Format Version 12.00
# Visual Studio 15
VisualStudioVersion = 15.0.26430.12
MinimumVisualStudioVersion = 10.0.40219.1
Project("{FAE04EC0-301F-11D3-BF4B-00C04F79EFBC}") = "Xamarin.Forms.ImagePicker", "Xamarin.Forms.ImagePicker\Xamarin.Forms.ImagePicker.csproj", "{3067C772-639C-4BEB-81C1-2ED6DA535EA6}"
EndProject
Project("{FAE04EC0-301F-11D3-BF4B-00C04F79EFBC}") = "Xamarin.Forms.ImagePicker.iOS", "Xamarin.Forms.ImagePicker.iOS\Xamarin.Forms.ImagePicker.iOS.csproj", "{232BCC73-B4D3-48C0-88E0-19BE10FCA07E}"
EndProject
Project("{FAE04EC0-301F-11D3-BF4B-00C04F79EFBC}") = "Xamarin.Forms.ImagePicker.Android", "Xamarin.Forms.ImagePicker.Android\Xamarin.Forms.ImagePicker.Android.csproj", "{644BB0B8-6FE0-4BAA-9971-D87E6DBF5AE8}"
EndProject
Project("{2150E333-8FDC-42A3-9474-1A3956D46DE8}") = "Library", "Library", "{5A455295-4838-49DF-B1B0-1B8682279269}"
EndProject
Project("{2150E333-8FDC-42A3-9474-1A3956D46DE8}") = "TestApp", "TestApp", "{B28437F1-33F4-4DE5-BDB2-64DB46B6FBD4}"
EndProject
Project("{FAE04EC0-301F-11D3-BF4B-00C04F79EFBC}") = "Xamarin.Forms.ImagePicker.App", "Xamarin.Forms.ImagePicker.App\Xamarin.Forms.ImagePicker.App.csproj", "{E55FD2BC-A9FD-4ABD-AABD-BD5642FBBAC0}"
EndProject
Project("{FAE04EC0-301F-11D3-BF4B-00C04F79EFBC}") = "Xamarin.Forms.ImagePicker.App.iOS", "Xamarin.Forms.ImagePicker.App.iOS\Xamarin.Forms.ImagePicker.App.iOS.csproj", "{28DF1518-8E3E-48B0-97B5-DEE812891FD8}"
EndProject
Project("{FAE04EC0-301F-11D3-BF4B-00C04F79EFBC}") = "Xamarin.Forms.ImagePicker.App.Android", "Xamarin.Forms.ImagePicker.App.Android\Xamarin.Forms.ImagePicker.App.Android.csproj", "{A4ECB6DC-72C2-4796-8BD1-1AC64A5F9335}"
EndProject
Global
	GlobalSection(SolutionConfigurationPlatforms) = preSolution
		Ad-Hoc|Any CPU = Ad-Hoc|Any CPU
		Ad-Hoc|iPhone = Ad-Hoc|iPhone
		Ad-Hoc|iPhoneSimulator = Ad-Hoc|iPhoneSimulator
		AppStore|Any CPU = AppStore|Any CPU
		AppStore|iPhone = AppStore|iPhone
		AppStore|iPhoneSimulator = AppStore|iPhoneSimulator
		Debug|Any CPU = Debug|Any CPU
		Debug|iPhone = Debug|iPhone
		Debug|iPhoneSimulator = Debug|iPhoneSimulator
		Release|Any CPU = Release|Any CPU
		Release|iPhone = Release|iPhone
		Release|iPhoneSimulator = Release|iPhoneSimulator
	EndGlobalSection
	GlobalSection(ProjectConfigurationPlatforms) = postSolution
		{3067C772-639C-4BEB-81C1-2ED6DA535EA6}.Ad-Hoc|Any CPU.ActiveCfg = Release|Any CPU
		{3067C772-639C-4BEB-81C1-2ED6DA535EA6}.Ad-Hoc|Any CPU.Build.0 = Release|Any CPU
		{3067C772-639C-4BEB-81C1-2ED6DA535EA6}.Ad-Hoc|iPhone.ActiveCfg = Release|Any CPU
		{3067C772-639C-4BEB-81C1-2ED6DA535EA6}.Ad-Hoc|iPhone.Build.0 = Release|Any CPU
		{3067C772-639C-4BEB-81C1-2ED6DA535EA6}.Ad-Hoc|iPhoneSimulator.ActiveCfg = Release|Any CPU
		{3067C772-639C-4BEB-81C1-2ED6DA535EA6}.Ad-Hoc|iPhoneSimulator.Build.0 = Release|Any CPU
		{3067C772-639C-4BEB-81C1-2ED6DA535EA6}.AppStore|Any CPU.ActiveCfg = Release|Any CPU
		{3067C772-639C-4BEB-81C1-2ED6DA535EA6}.AppStore|Any CPU.Build.0 = Release|Any CPU
		{3067C772-639C-4BEB-81C1-2ED6DA535EA6}.AppStore|iPhone.ActiveCfg = Release|Any CPU
		{3067C772-639C-4BEB-81C1-2ED6DA535EA6}.AppStore|iPhone.Build.0 = Release|Any CPU
		{3067C772-639C-4BEB-81C1-2ED6DA535EA6}.AppStore|iPhoneSimulator.ActiveCfg = Release|Any CPU
		{3067C772-639C-4BEB-81C1-2ED6DA535EA6}.AppStore|iPhoneSimulator.Build.0 = Release|Any CPU
		{3067C772-639C-4BEB-81C1-2ED6DA535EA6}.Debug|Any CPU.ActiveCfg = Debug|Any CPU
		{3067C772-639C-4BEB-81C1-2ED6DA535EA6}.Debug|Any CPU.Build.0 = Debug|Any CPU
		{3067C772-639C-4BEB-81C1-2ED6DA535EA6}.Debug|iPhone.ActiveCfg = Debug|Any CPU
		{3067C772-639C-4BEB-81C1-2ED6DA535EA6}.Debug|iPhone.Build.0 = Debug|Any CPU
		{3067C772-639C-4BEB-81C1-2ED6DA535EA6}.Debug|iPhoneSimulator.ActiveCfg = Debug|Any CPU
		{3067C772-639C-4BEB-81C1-2ED6DA535EA6}.Debug|iPhoneSimulator.Build.0 = Debug|Any CPU
		{3067C772-639C-4BEB-81C1-2ED6DA535EA6}.Release|Any CPU.ActiveCfg = Release|Any CPU
		{3067C772-639C-4BEB-81C1-2ED6DA535EA6}.Release|Any CPU.Build.0 = Release|Any CPU
		{3067C772-639C-4BEB-81C1-2ED6DA535EA6}.Release|iPhone.ActiveCfg = Release|Any CPU
		{3067C772-639C-4BEB-81C1-2ED6DA535EA6}.Release|iPhone.Build.0 = Release|Any CPU
		{3067C772-639C-4BEB-81C1-2ED6DA535EA6}.Release|iPhoneSimulator.ActiveCfg = Release|Any CPU
		{3067C772-639C-4BEB-81C1-2ED6DA535EA6}.Release|iPhoneSimulator.Build.0 = Release|Any CPU
		{232BCC73-B4D3-48C0-88E0-19BE10FCA07E}.Ad-Hoc|Any CPU.ActiveCfg = Release|Any CPU
		{232BCC73-B4D3-48C0-88E0-19BE10FCA07E}.Ad-Hoc|Any CPU.Build.0 = Release|Any CPU
		{232BCC73-B4D3-48C0-88E0-19BE10FCA07E}.Ad-Hoc|iPhone.ActiveCfg = Release|iPhone
		{232BCC73-B4D3-48C0-88E0-19BE10FCA07E}.Ad-Hoc|iPhone.Build.0 = Release|iPhone
		{232BCC73-B4D3-48C0-88E0-19BE10FCA07E}.Ad-Hoc|iPhoneSimulator.ActiveCfg = Release|iPhoneSimulator
		{232BCC73-B4D3-48C0-88E0-19BE10FCA07E}.Ad-Hoc|iPhoneSimulator.Build.0 = Release|iPhoneSimulator
		{232BCC73-B4D3-48C0-88E0-19BE10FCA07E}.AppStore|Any CPU.ActiveCfg = Release|Any CPU
		{232BCC73-B4D3-48C0-88E0-19BE10FCA07E}.AppStore|Any CPU.Build.0 = Release|Any CPU
		{232BCC73-B4D3-48C0-88E0-19BE10FCA07E}.AppStore|iPhone.ActiveCfg = Release|iPhone
		{232BCC73-B4D3-48C0-88E0-19BE10FCA07E}.AppStore|iPhone.Build.0 = Release|iPhone
		{232BCC73-B4D3-48C0-88E0-19BE10FCA07E}.AppStore|iPhoneSimulator.ActiveCfg = Release|iPhoneSimulator
		{232BCC73-B4D3-48C0-88E0-19BE10FCA07E}.AppStore|iPhoneSimulator.Build.0 = Release|iPhoneSimulator
		{232BCC73-B4D3-48C0-88E0-19BE10FCA07E}.Debug|Any CPU.ActiveCfg = Debug|Any CPU
		{232BCC73-B4D3-48C0-88E0-19BE10FCA07E}.Debug|Any CPU.Build.0 = Debug|Any CPU
		{232BCC73-B4D3-48C0-88E0-19BE10FCA07E}.Debug|iPhone.ActiveCfg = Debug|iPhone
		{232BCC73-B4D3-48C0-88E0-19BE10FCA07E}.Debug|iPhone.Build.0 = Debug|iPhone
		{232BCC73-B4D3-48C0-88E0-19BE10FCA07E}.Debug|iPhoneSimulator.ActiveCfg = Debug|iPhoneSimulator
		{232BCC73-B4D3-48C0-88E0-19BE10FCA07E}.Debug|iPhoneSimulator.Build.0 = Debug|iPhoneSimulator
		{232BCC73-B4D3-48C0-88E0-19BE10FCA07E}.Release|Any CPU.ActiveCfg = Release|Any CPU
		{232BCC73-B4D3-48C0-88E0-19BE10FCA07E}.Release|Any CPU.Build.0 = Release|Any CPU
		{232BCC73-B4D3-48C0-88E0-19BE10FCA07E}.Release|iPhone.ActiveCfg = Release|iPhone
		{232BCC73-B4D3-48C0-88E0-19BE10FCA07E}.Release|iPhone.Build.0 = Release|iPhone
		{232BCC73-B4D3-48C0-88E0-19BE10FCA07E}.Release|iPhoneSimulator.ActiveCfg = Release|iPhoneSimulator
		{232BCC73-B4D3-48C0-88E0-19BE10FCA07E}.Release|iPhoneSimulator.Build.0 = Release|iPhoneSimulator
		{644BB0B8-6FE0-4BAA-9971-D87E6DBF5AE8}.Ad-Hoc|Any CPU.ActiveCfg = Release|Any CPU
		{644BB0B8-6FE0-4BAA-9971-D87E6DBF5AE8}.Ad-Hoc|Any CPU.Build.0 = Release|Any CPU
		{644BB0B8-6FE0-4BAA-9971-D87E6DBF5AE8}.Ad-Hoc|iPhone.ActiveCfg = Release|Any CPU
		{644BB0B8-6FE0-4BAA-9971-D87E6DBF5AE8}.Ad-Hoc|iPhone.Build.0 = Release|Any CPU
		{644BB0B8-6FE0-4BAA-9971-D87E6DBF5AE8}.Ad-Hoc|iPhoneSimulator.ActiveCfg = Release|Any CPU
		{644BB0B8-6FE0-4BAA-9971-D87E6DBF5AE8}.Ad-Hoc|iPhoneSimulator.Build.0 = Release|Any CPU
		{644BB0B8-6FE0-4BAA-9971-D87E6DBF5AE8}.AppStore|Any CPU.ActiveCfg = Release|Any CPU
		{644BB0B8-6FE0-4BAA-9971-D87E6DBF5AE8}.AppStore|Any CPU.Build.0 = Release|Any CPU
		{644BB0B8-6FE0-4BAA-9971-D87E6DBF5AE8}.AppStore|iPhone.ActiveCfg = Release|Any CPU
		{644BB0B8-6FE0-4BAA-9971-D87E6DBF5AE8}.AppStore|iPhone.Build.0 = Release|Any CPU
		{644BB0B8-6FE0-4BAA-9971-D87E6DBF5AE8}.AppStore|iPhoneSimulator.ActiveCfg = Release|Any CPU
		{644BB0B8-6FE0-4BAA-9971-D87E6DBF5AE8}.AppStore|iPhoneSimulator.Build.0 = Release|Any CPU
		{644BB0B8-6FE0-4BAA-9971-D87E6DBF5AE8}.Debug|Any CPU.ActiveCfg = Debug|Any CPU
		{644BB0B8-6FE0-4BAA-9971-D87E6DBF5AE8}.Debug|Any CPU.Build.0 = Debug|Any CPU
		{644BB0B8-6FE0-4BAA-9971-D87E6DBF5AE8}.Debug|iPhone.ActiveCfg = Debug|Any CPU
		{644BB0B8-6FE0-4BAA-9971-D87E6DBF5AE8}.Debug|iPhone.Build.0 = Debug|Any CPU
		{644BB0B8-6FE0-4BAA-9971-D87E6DBF5AE8}.Debug|iPhoneSimulator.ActiveCfg = Debug|Any CPU
		{644BB0B8-6FE0-4BAA-9971-D87E6DBF5AE8}.Debug|iPhoneSimulator.Build.0 = Debug|Any CPU
		{644BB0B8-6FE0-4BAA-9971-D87E6DBF5AE8}.Release|Any CPU.ActiveCfg = Release|Any CPU
		{644BB0B8-6FE0-4BAA-9971-D87E6DBF5AE8}.Release|Any CPU.Build.0 = Release|Any CPU
		{644BB0B8-6FE0-4BAA-9971-D87E6DBF5AE8}.Release|iPhone.ActiveCfg = Release|Any CPU
		{644BB0B8-6FE0-4BAA-9971-D87E6DBF5AE8}.Release|iPhone.Build.0 = Release|Any CPU
		{644BB0B8-6FE0-4BAA-9971-D87E6DBF5AE8}.Release|iPhoneSimulator.ActiveCfg = Release|Any CPU
		{644BB0B8-6FE0-4BAA-9971-D87E6DBF5AE8}.Release|iPhoneSimulator.Build.0 = Release|Any CPU
		{E55FD2BC-A9FD-4ABD-AABD-BD5642FBBAC0}.Ad-Hoc|Any CPU.ActiveCfg = Release|Any CPU
		{E55FD2BC-A9FD-4ABD-AABD-BD5642FBBAC0}.Ad-Hoc|Any CPU.Build.0 = Release|Any CPU
		{E55FD2BC-A9FD-4ABD-AABD-BD5642FBBAC0}.Ad-Hoc|iPhone.ActiveCfg = Release|Any CPU
		{E55FD2BC-A9FD-4ABD-AABD-BD5642FBBAC0}.Ad-Hoc|iPhone.Build.0 = Release|Any CPU
		{E55FD2BC-A9FD-4ABD-AABD-BD5642FBBAC0}.Ad-Hoc|iPhoneSimulator.ActiveCfg = Release|Any CPU
		{E55FD2BC-A9FD-4ABD-AABD-BD5642FBBAC0}.Ad-Hoc|iPhoneSimulator.Build.0 = Release|Any CPU
		{E55FD2BC-A9FD-4ABD-AABD-BD5642FBBAC0}.AppStore|Any CPU.ActiveCfg = Release|Any CPU
		{E55FD2BC-A9FD-4ABD-AABD-BD5642FBBAC0}.AppStore|Any CPU.Build.0 = Release|Any CPU
		{E55FD2BC-A9FD-4ABD-AABD-BD5642FBBAC0}.AppStore|iPhone.ActiveCfg = Release|Any CPU
		{E55FD2BC-A9FD-4ABD-AABD-BD5642FBBAC0}.AppStore|iPhone.Build.0 = Release|Any CPU
		{E55FD2BC-A9FD-4ABD-AABD-BD5642FBBAC0}.AppStore|iPhoneSimulator.ActiveCfg = Release|Any CPU
		{E55FD2BC-A9FD-4ABD-AABD-BD5642FBBAC0}.AppStore|iPhoneSimulator.Build.0 = Release|Any CPU
		{E55FD2BC-A9FD-4ABD-AABD-BD5642FBBAC0}.Debug|Any CPU.ActiveCfg = Debug|Any CPU
		{E55FD2BC-A9FD-4ABD-AABD-BD5642FBBAC0}.Debug|Any CPU.Build.0 = Debug|Any CPU
		{E55FD2BC-A9FD-4ABD-AABD-BD5642FBBAC0}.Debug|iPhone.ActiveCfg = Debug|Any CPU
		{E55FD2BC-A9FD-4ABD-AABD-BD5642FBBAC0}.Debug|iPhone.Build.0 = Debug|Any CPU
		{E55FD2BC-A9FD-4ABD-AABD-BD5642FBBAC0}.Debug|iPhoneSimulator.ActiveCfg = Debug|Any CPU
		{E55FD2BC-A9FD-4ABD-AABD-BD5642FBBAC0}.Debug|iPhoneSimulator.Build.0 = Debug|Any CPU
		{E55FD2BC-A9FD-4ABD-AABD-BD5642FBBAC0}.Release|Any CPU.ActiveCfg = Release|Any CPU
		{E55FD2BC-A9FD-4ABD-AABD-BD5642FBBAC0}.Release|Any CPU.Build.0 = Release|Any CPU
		{E55FD2BC-A9FD-4ABD-AABD-BD5642FBBAC0}.Release|iPhone.ActiveCfg = Release|Any CPU
		{E55FD2BC-A9FD-4ABD-AABD-BD5642FBBAC0}.Release|iPhone.Build.0 = Release|Any CPU
		{E55FD2BC-A9FD-4ABD-AABD-BD5642FBBAC0}.Release|iPhoneSimulator.ActiveCfg = Release|Any CPU
		{E55FD2BC-A9FD-4ABD-AABD-BD5642FBBAC0}.Release|iPhoneSimulator.Build.0 = Release|Any CPU
		{28DF1518-8E3E-48B0-97B5-DEE812891FD8}.Ad-Hoc|Any CPU.ActiveCfg = Ad-Hoc|iPhone
		{28DF1518-8E3E-48B0-97B5-DEE812891FD8}.Ad-Hoc|iPhone.ActiveCfg = Ad-Hoc|iPhone
		{28DF1518-8E3E-48B0-97B5-DEE812891FD8}.Ad-Hoc|iPhone.Build.0 = Ad-Hoc|iPhone
		{28DF1518-8E3E-48B0-97B5-DEE812891FD8}.Ad-Hoc|iPhoneSimulator.ActiveCfg = Ad-Hoc|iPhoneSimulator
		{28DF1518-8E3E-48B0-97B5-DEE812891FD8}.Ad-Hoc|iPhoneSimulator.Build.0 = Ad-Hoc|iPhoneSimulator
		{28DF1518-8E3E-48B0-97B5-DEE812891FD8}.AppStore|Any CPU.ActiveCfg = AppStore|iPhone
		{28DF1518-8E3E-48B0-97B5-DEE812891FD8}.AppStore|iPhone.ActiveCfg = AppStore|iPhone
		{28DF1518-8E3E-48B0-97B5-DEE812891FD8}.AppStore|iPhone.Build.0 = AppStore|iPhone
		{28DF1518-8E3E-48B0-97B5-DEE812891FD8}.AppStore|iPhoneSimulator.ActiveCfg = AppStore|iPhoneSimulator
		{28DF1518-8E3E-48B0-97B5-DEE812891FD8}.AppStore|iPhoneSimulator.Build.0 = AppStore|iPhoneSimulator
		{28DF1518-8E3E-48B0-97B5-DEE812891FD8}.Debug|Any CPU.ActiveCfg = Debug|iPhone
		{28DF1518-8E3E-48B0-97B5-DEE812891FD8}.Debug|iPhone.ActiveCfg = Debug|iPhone
		{28DF1518-8E3E-48B0-97B5-DEE812891FD8}.Debug|iPhone.Build.0 = Debug|iPhone
		{28DF1518-8E3E-48B0-97B5-DEE812891FD8}.Debug|iPhoneSimulator.ActiveCfg = Debug|iPhoneSimulator
		{28DF1518-8E3E-48B0-97B5-DEE812891FD8}.Debug|iPhoneSimulator.Build.0 = Debug|iPhoneSimulator
		{28DF1518-8E3E-48B0-97B5-DEE812891FD8}.Release|Any CPU.ActiveCfg = Release|iPhone
		{28DF1518-8E3E-48B0-97B5-DEE812891FD8}.Release|iPhone.ActiveCfg = Release|iPhone
		{28DF1518-8E3E-48B0-97B5-DEE812891FD8}.Release|iPhone.Build.0 = Release|iPhone
		{28DF1518-8E3E-48B0-97B5-DEE812891FD8}.Release|iPhoneSimulator.ActiveCfg = Release|iPhoneSimulator
		{28DF1518-8E3E-48B0-97B5-DEE812891FD8}.Release|iPhoneSimulator.Build.0 = Release|iPhoneSimulator
		{A4ECB6DC-72C2-4796-8BD1-1AC64A5F9335}.Ad-Hoc|Any CPU.ActiveCfg = Release|Any CPU
		{A4ECB6DC-72C2-4796-8BD1-1AC64A5F9335}.Ad-Hoc|Any CPU.Build.0 = Release|Any CPU
		{A4ECB6DC-72C2-4796-8BD1-1AC64A5F9335}.Ad-Hoc|Any CPU.Deploy.0 = Release|Any CPU
		{A4ECB6DC-72C2-4796-8BD1-1AC64A5F9335}.Ad-Hoc|iPhone.ActiveCfg = Release|Any CPU
		{A4ECB6DC-72C2-4796-8BD1-1AC64A5F9335}.Ad-Hoc|iPhone.Build.0 = Release|Any CPU
		{A4ECB6DC-72C2-4796-8BD1-1AC64A5F9335}.Ad-Hoc|iPhone.Deploy.0 = Release|Any CPU
		{A4ECB6DC-72C2-4796-8BD1-1AC64A5F9335}.Ad-Hoc|iPhoneSimulator.ActiveCfg = Release|Any CPU
		{A4ECB6DC-72C2-4796-8BD1-1AC64A5F9335}.Ad-Hoc|iPhoneSimulator.Build.0 = Release|Any CPU
		{A4ECB6DC-72C2-4796-8BD1-1AC64A5F9335}.Ad-Hoc|iPhoneSimulator.Deploy.0 = Release|Any CPU
		{A4ECB6DC-72C2-4796-8BD1-1AC64A5F9335}.AppStore|Any CPU.ActiveCfg = Release|Any CPU
		{A4ECB6DC-72C2-4796-8BD1-1AC64A5F9335}.AppStore|Any CPU.Build.0 = Release|Any CPU
		{A4ECB6DC-72C2-4796-8BD1-1AC64A5F9335}.AppStore|Any CPU.Deploy.0 = Release|Any CPU
		{A4ECB6DC-72C2-4796-8BD1-1AC64A5F9335}.AppStore|iPhone.ActiveCfg = Release|Any CPU
		{A4ECB6DC-72C2-4796-8BD1-1AC64A5F9335}.AppStore|iPhone.Build.0 = Release|Any CPU
		{A4ECB6DC-72C2-4796-8BD1-1AC64A5F9335}.AppStore|iPhone.Deploy.0 = Release|Any CPU
		{A4ECB6DC-72C2-4796-8BD1-1AC64A5F9335}.AppStore|iPhoneSimulator.ActiveCfg = Release|Any CPU
		{A4ECB6DC-72C2-4796-8BD1-1AC64A5F9335}.AppStore|iPhoneSimulator.Build.0 = Release|Any CPU
		{A4ECB6DC-72C2-4796-8BD1-1AC64A5F9335}.AppStore|iPhoneSimulator.Deploy.0 = Release|Any CPU
		{A4ECB6DC-72C2-4796-8BD1-1AC64A5F9335}.Debug|Any CPU.ActiveCfg = Debug|Any CPU
		{A4ECB6DC-72C2-4796-8BD1-1AC64A5F9335}.Debug|Any CPU.Build.0 = Debug|Any CPU
		{A4ECB6DC-72C2-4796-8BD1-1AC64A5F9335}.Debug|Any CPU.Deploy.0 = Debug|Any CPU
		{A4ECB6DC-72C2-4796-8BD1-1AC64A5F9335}.Debug|iPhone.ActiveCfg = Debug|Any CPU
		{A4ECB6DC-72C2-4796-8BD1-1AC64A5F9335}.Debug|iPhone.Build.0 = Debug|Any CPU
		{A4ECB6DC-72C2-4796-8BD1-1AC64A5F9335}.Debug|iPhone.Deploy.0 = Debug|Any CPU
		{A4ECB6DC-72C2-4796-8BD1-1AC64A5F9335}.Debug|iPhoneSimulator.ActiveCfg = Debug|Any CPU
		{A4ECB6DC-72C2-4796-8BD1-1AC64A5F9335}.Debug|iPhoneSimulator.Build.0 = Debug|Any CPU
		{A4ECB6DC-72C2-4796-8BD1-1AC64A5F9335}.Debug|iPhoneSimulator.Deploy.0 = Debug|Any CPU
		{A4ECB6DC-72C2-4796-8BD1-1AC64A5F9335}.Release|Any CPU.ActiveCfg = Release|Any CPU
		{A4ECB6DC-72C2-4796-8BD1-1AC64A5F9335}.Release|Any CPU.Build.0 = Release|Any CPU
		{A4ECB6DC-72C2-4796-8BD1-1AC64A5F9335}.Release|Any CPU.Deploy.0 = Release|Any CPU
		{A4ECB6DC-72C2-4796-8BD1-1AC64A5F9335}.Release|iPhone.ActiveCfg = Release|Any CPU
		{A4ECB6DC-72C2-4796-8BD1-1AC64A5F9335}.Release|iPhone.Build.0 = Release|Any CPU
		{A4ECB6DC-72C2-4796-8BD1-1AC64A5F9335}.Release|iPhone.Deploy.0 = Release|Any CPU
		{A4ECB6DC-72C2-4796-8BD1-1AC64A5F9335}.Release|iPhoneSimulator.ActiveCfg = Release|Any CPU
		{A4ECB6DC-72C2-4796-8BD1-1AC64A5F9335}.Release|iPhoneSimulator.Build.0 = Release|Any CPU
		{A4ECB6DC-72C2-4796-8BD1-1AC64A5F9335}.Release|iPhoneSimulator.Deploy.0 = Release|Any CPU
	EndGlobalSection
	GlobalSection(SolutionProperties) = preSolution
		HideSolutionNode = FALSE
	EndGlobalSection
	GlobalSection(NestedProjects) = preSolution
		{3067C772-639C-4BEB-81C1-2ED6DA535EA6} = {5A455295-4838-49DF-B1B0-1B8682279269}
		{232BCC73-B4D3-48C0-88E0-19BE10FCA07E} = {5A455295-4838-49DF-B1B0-1B8682279269}
		{644BB0B8-6FE0-4BAA-9971-D87E6DBF5AE8} = {5A455295-4838-49DF-B1B0-1B8682279269}
		{E55FD2BC-A9FD-4ABD-AABD-BD5642FBBAC0} = {B28437F1-33F4-4DE5-BDB2-64DB46B6FBD4}
		{28DF1518-8E3E-48B0-97B5-DEE812891FD8} = {B28437F1-33F4-4DE5-BDB2-64DB46B6FBD4}
		{A4ECB6DC-72C2-4796-8BD1-1AC64A5F9335} = {B28437F1-33F4-4DE5-BDB2-64DB46B6FBD4}
	EndGlobalSection
EndGlobal
